
Microsoft Visual Studio Solution File, Format Version 12.00
# Visual Studio 15
VisualStudioVersion = 15.0.28307.1684
MinimumVisualStudioVersion = 10.0.40219.1
Project("{FAE04EC0-301F-11D3-BF4B-00C04F79EFBC}") = "total_blood_management_solution", "total_blood_management_solution\total_blood_management_solution.csproj", "{3C2DBE18-2D8A-4CB6-98BF-1DCCFEDA85EA}"
EndProject
Project("{FAE04EC0-301F-11D3-BF4B-00C04F79EFBC}") = "total_blood_management_soulution_Components", "total_blood_management_soulution_Components\total_blood_management_soulution_Components.csproj", "{F2C96D4C-6BB7-4171-BF6C-52CF26FC26A4}"
EndProject
Project("{FAE04EC0-301F-11D3-BF4B-00C04F79EFBC}") = "total_blood_management_soulution_OracleConnection", "total_blood_management_soulution_OracleConnection\total_blood_management_soulution_OracleConnection.csproj", "{641FA422-0356-4923-B809-A98E7ACAFAE4}"
EndProject
Global
	GlobalSection(SolutionConfigurationPlatforms) = preSolution
		Debug|Any CPU = Debug|Any CPU
		Release|Any CPU = Release|Any CPU
	EndGlobalSection
	GlobalSection(ProjectConfigurationPlatforms) = postSolution
		{3C2DBE18-2D8A-4CB6-98BF-1DCCFEDA85EA}.Debug|Any CPU.ActiveCfg = Debug|Any CPU
		{3C2DBE18-2D8A-4CB6-98BF-1DCCFEDA85EA}.Debug|Any CPU.Build.0 = Debug|Any CPU
		{3C2DBE18-2D8A-4CB6-98BF-1DCCFEDA85EA}.Release|Any CPU.ActiveCfg = Release|Any CPU
		{3C2DBE18-2D8A-4CB6-98BF-1DCCFEDA85EA}.Release|Any CPU.Build.0 = Release|Any CPU
		{F2C96D4C-6BB7-4171-BF6C-52CF26FC26A4}.Debug|Any CPU.ActiveCfg = Debug|Any CPU
		{F2C96D4C-6BB7-4171-BF6C-52CF26FC26A4}.Debug|Any CPU.Build.0 = Debug|Any CPU
		{F2C96D4C-6BB7-4171-BF6C-52CF26FC26A4}.Release|Any CPU.ActiveCfg = Release|Any CPU
		{F2C96D4C-6BB7-4171-BF6C-52CF26FC26A4}.Release|Any CPU.Build.0 = Release|Any CPU
		{641FA422-0356-4923-B809-A98E7ACAFAE4}.Debug|Any CPU.ActiveCfg = Debug|Any CPU
		{641FA422-0356-4923-B809-A98E7ACAFAE4}.Debug|Any CPU.Build.0 = Debug|Any CPU
		{641FA422-0356-4923-B809-A98E7ACAFAE4}.Release|Any CPU.ActiveCfg = Release|Any CPU
		{641FA422-0356-4923-B809-A98E7ACAFAE4}.Release|Any CPU.Build.0 = Release|Any CPU
	EndGlobalSection
	GlobalSection(SolutionProperties) = preSolution
		HideSolutionNode = FALSE
	EndGlobalSection
	GlobalSection(ExtensibilityGlobals) = postSolution
		SolutionGuid = {66154401-7829-4B4E-AAA1-EF9E996B1FFC}
	EndGlobalSection
EndGlobal
