
Microsoft Visual Studio Solution File, Format Version 12.00
# Visual Studio Version 17
VisualStudioVersion = 17.1.32328.378
MinimumVisualStudioVersion = 10.0.40219.1
Project("{9A19103F-16F7-4668-BE54-9A1E7A4F7556}") = "total_blood_management_solution", "total_blood_management_solution\total_blood_management_solution.csproj", "{3C2DBE18-2D8A-4CB6-98BF-1DCCFEDA85EA}"
EndProject
Project("{9A19103F-16F7-4668-BE54-9A1E7A4F7556}") = "total_blood_managemenet_solution.Blood", "total_blood_managemenet_solution.Blood\total_blood_managemenet_solution.Blood.csproj", "{9E900637-A2DC-4566-AC79-4583E58DD773}"
EndProject
Project("{9A19103F-16F7-4668-BE54-9A1E7A4F7556}") = "total_blood_managemenet_solution.House", "total_blood_managemenet_solution.House\total_blood_managemenet_solution.House.csproj", "{9971F8B5-9FB5-41C8-BA83-A1157E3E9085}"
EndProject
Project("{9A19103F-16F7-4668-BE54-9A1E7A4F7556}") = "total_blood_management_solution_Utils", "total_blood_management_solution.Utils\total_blood_management_solution_Utils.csproj", "{C2ECFD60-44FB-413B-8085-AB2055142BB6}"
EndProject
Project("{9A19103F-16F7-4668-BE54-9A1E7A4F7556}") = "OraConnection", "OraConnection\OraConnection.csproj", "{97903256-2023-47A3-BE34-342BC3907EEB}"
EndProject
Global
	GlobalSection(SolutionConfigurationPlatforms) = preSolution
		Debug|Any CPU = Debug|Any CPU
		Release|Any CPU = Release|Any CPU
	EndGlobalSection
	GlobalSection(ProjectConfigurationPlatforms) = postSolution
		{3C2DBE18-2D8A-4CB6-98BF-1DCCFEDA85EA}.Debug|Any CPU.ActiveCfg = Debug|Any CPU
		{3C2DBE18-2D8A-4CB6-98BF-1DCCFEDA85EA}.Debug|Any CPU.Build.0 = Debug|Any CPU
		{3C2DBE18-2D8A-4CB6-98BF-1DCCFEDA85EA}.Release|Any CPU.ActiveCfg = Release|Any CPU
		{3C2DBE18-2D8A-4CB6-98BF-1DCCFEDA85EA}.Release|Any CPU.Build.0 = Release|Any CPU
		{9E900637-A2DC-4566-AC79-4583E58DD773}.Debug|Any CPU.ActiveCfg = Debug|Any CPU
		{9E900637-A2DC-4566-AC79-4583E58DD773}.Debug|Any CPU.Build.0 = Debug|Any CPU
		{9E900637-A2DC-4566-AC79-4583E58DD773}.Release|Any CPU.ActiveCfg = Release|Any CPU
		{9E900637-A2DC-4566-AC79-4583E58DD773}.Release|Any CPU.Build.0 = Release|Any CPU
		{9971F8B5-9FB5-41C8-BA83-A1157E3E9085}.Debug|Any CPU.ActiveCfg = Debug|Any CPU
		{9971F8B5-9FB5-41C8-BA83-A1157E3E9085}.Debug|Any CPU.Build.0 = Debug|Any CPU
		{9971F8B5-9FB5-41C8-BA83-A1157E3E9085}.Release|Any CPU.ActiveCfg = Release|Any CPU
		{9971F8B5-9FB5-41C8-BA83-A1157E3E9085}.Release|Any CPU.Build.0 = Release|Any CPU
		{C2ECFD60-44FB-413B-8085-AB2055142BB6}.Debug|Any CPU.ActiveCfg = Debug|Any CPU
		{C2ECFD60-44FB-413B-8085-AB2055142BB6}.Debug|Any CPU.Build.0 = Debug|Any CPU
		{C2ECFD60-44FB-413B-8085-AB2055142BB6}.Release|Any CPU.ActiveCfg = Release|Any CPU
		{C2ECFD60-44FB-413B-8085-AB2055142BB6}.Release|Any CPU.Build.0 = Release|Any CPU
		{97903256-2023-47A3-BE34-342BC3907EEB}.Debug|Any CPU.ActiveCfg = Debug|Any CPU
		{97903256-2023-47A3-BE34-342BC3907EEB}.Debug|Any CPU.Build.0 = Debug|Any CPU
		{97903256-2023-47A3-BE34-342BC3907EEB}.Release|Any CPU.ActiveCfg = Release|Any CPU
		{97903256-2023-47A3-BE34-342BC3907EEB}.Release|Any CPU.Build.0 = Release|Any CPU
	EndGlobalSection
	GlobalSection(SolutionProperties) = preSolution
		HideSolutionNode = FALSE
	EndGlobalSection
	GlobalSection(ExtensibilityGlobals) = postSolution
		SolutionGuid = {66154401-7829-4B4E-AAA1-EF9E996B1FFC}
	EndGlobalSection
EndGlobal
